
Microsoft Visual Studio Solution File, Format Version 12.00
# Visual Studio Version 17
VisualStudioVersion = 17.0.31903.59
MinimumVisualStudioVersion = 10.0.40219.1
Project("{2150E333-8FDC-42A3-9474-1A3956D46DE8}") = "src", "src", "{827E0CD3-B72D-47B6-A68D-7590B98EB39B}"
EndProject
Project("{FAE04EC0-301F-11D3-BF4B-00C04F79EFBC}") = "Image2ZPL", "src\Image2ZPL\Image2ZPL.csproj", "{A4159C8F-FFCA-4460-BAC0-D6D475C9AE78}"
EndProject
Project("{2150E333-8FDC-42A3-9474-1A3956D46DE8}") = "tests", "tests", "{0AB3BF05-4346-4AA6-1389-037BE0695223}"
EndProject
Project("{FAE04EC0-301F-11D3-BF4B-00C04F79EFBC}") = "Image2ZPL.Tests", "tests\Image2ZPL.Tests\Image2ZPL.Tests.csproj", "{8FE22830-795E-4C1F-A6E2-3FA8BB91C68E}"
EndProject
Project("{FAE04EC0-301F-11D3-BF4B-00C04F79EFBC}") = "Image2ZPL.SkiaSharp", "src\Image2ZPL.SkiaSharp\Image2ZPL.SkiaSharp.csproj", "{252C9675-3303-4CAC-A0CA-FF59DFDB2873}"
EndProject
Project("{FAE04EC0-301F-11D3-BF4B-00C04F79EFBC}") = "Image2ZPL.ImageSharp", "src\Image2ZPL.ImageSharp\Image2ZPL.ImageSharp.csproj", "{3E910C40-6DE0-4ACF-83B9-BBBAD9B030DE}"
EndProject
Global
	GlobalSection(SolutionConfigurationPlatforms) = preSolution
		Debug|Any CPU = Debug|Any CPU
		Debug|x64 = Debug|x64
		Debug|x86 = Debug|x86
		Release|Any CPU = Release|Any CPU
		Release|x64 = Release|x64
		Release|x86 = Release|x86
	EndGlobalSection
	GlobalSection(ProjectConfigurationPlatforms) = postSolution
		{A4159C8F-FFCA-4460-BAC0-D6D475C9AE78}.Debug|Any CPU.ActiveCfg = Debug|Any CPU
		{A4159C8F-FFCA-4460-BAC0-D6D475C9AE78}.Debug|Any CPU.Build.0 = Debug|Any CPU
		{A4159C8F-FFCA-4460-BAC0-D6D475C9AE78}.Debug|x64.ActiveCfg = Debug|Any CPU
		{A4159C8F-FFCA-4460-BAC0-D6D475C9AE78}.Debug|x64.Build.0 = Debug|Any CPU
		{A4159C8F-FFCA-4460-BAC0-D6D475C9AE78}.Debug|x86.ActiveCfg = Debug|Any CPU
		{A4159C8F-FFCA-4460-BAC0-D6D475C9AE78}.Debug|x86.Build.0 = Debug|Any CPU
		{A4159C8F-FFCA-4460-BAC0-D6D475C9AE78}.Release|Any CPU.ActiveCfg = Release|Any CPU
		{A4159C8F-FFCA-4460-BAC0-D6D475C9AE78}.Release|Any CPU.Build.0 = Release|Any CPU
		{A4159C8F-FFCA-4460-BAC0-D6D475C9AE78}.Release|x64.ActiveCfg = Release|Any CPU
		{A4159C8F-FFCA-4460-BAC0-D6D475C9AE78}.Release|x64.Build.0 = Release|Any CPU
		{A4159C8F-FFCA-4460-BAC0-D6D475C9AE78}.Release|x86.ActiveCfg = Release|Any CPU
		{A4159C8F-FFCA-4460-BAC0-D6D475C9AE78}.Release|x86.Build.0 = Release|Any CPU
		{8FE22830-795E-4C1F-A6E2-3FA8BB91C68E}.Debug|Any CPU.ActiveCfg = Debug|Any CPU
		{8FE22830-795E-4C1F-A6E2-3FA8BB91C68E}.Debug|Any CPU.Build.0 = Debug|Any CPU
		{8FE22830-795E-4C1F-A6E2-3FA8BB91C68E}.Debug|x64.ActiveCfg = Debug|Any CPU
		{8FE22830-795E-4C1F-A6E2-3FA8BB91C68E}.Debug|x64.Build.0 = Debug|Any CPU
		{8FE22830-795E-4C1F-A6E2-3FA8BB91C68E}.Debug|x86.ActiveCfg = Debug|Any CPU
		{8FE22830-795E-4C1F-A6E2-3FA8BB91C68E}.Debug|x86.Build.0 = Debug|Any CPU
		{8FE22830-795E-4C1F-A6E2-3FA8BB91C68E}.Release|Any CPU.ActiveCfg = Release|Any CPU
		{8FE22830-795E-4C1F-A6E2-3FA8BB91C68E}.Release|Any CPU.Build.0 = Release|Any CPU
		{8FE22830-795E-4C1F-A6E2-3FA8BB91C68E}.Release|x64.ActiveCfg = Release|Any CPU
		{8FE22830-795E-4C1F-A6E2-3FA8BB91C68E}.Release|x64.Build.0 = Release|Any CPU
		{8FE22830-795E-4C1F-A6E2-3FA8BB91C68E}.Release|x86.ActiveCfg = Release|Any CPU
		{8FE22830-795E-4C1F-A6E2-3FA8BB91C68E}.Release|x86.Build.0 = Release|Any CPU
		{252C9675-3303-4CAC-A0CA-FF59DFDB2873}.Debug|Any CPU.ActiveCfg = Debug|Any CPU
		{252C9675-3303-4CAC-A0CA-FF59DFDB2873}.Debug|Any CPU.Build.0 = Debug|Any CPU
		{252C9675-3303-4CAC-A0CA-FF59DFDB2873}.Debug|x64.ActiveCfg = Debug|Any CPU
		{252C9675-3303-4CAC-A0CA-FF59DFDB2873}.Debug|x64.Build.0 = Debug|Any CPU
		{252C9675-3303-4CAC-A0CA-FF59DFDB2873}.Debug|x86.ActiveCfg = Debug|Any CPU
		{252C9675-3303-4CAC-A0CA-FF59DFDB2873}.Debug|x86.Build.0 = Debug|Any CPU
		{252C9675-3303-4CAC-A0CA-FF59DFDB2873}.Release|Any CPU.ActiveCfg = Release|Any CPU
		{252C9675-3303-4CAC-A0CA-FF59DFDB2873}.Release|Any CPU.Build.0 = Release|Any CPU
		{252C9675-3303-4CAC-A0CA-FF59DFDB2873}.Release|x64.ActiveCfg = Release|Any CPU
		{252C9675-3303-4CAC-A0CA-FF59DFDB2873}.Release|x64.Build.0 = Release|Any CPU
		{252C9675-3303-4CAC-A0CA-FF59DFDB2873}.Release|x86.ActiveCfg = Release|Any CPU
		{252C9675-3303-4CAC-A0CA-FF59DFDB2873}.Release|x86.Build.0 = Release|Any CPU
		{3E910C40-6DE0-4ACF-83B9-BBBAD9B030DE}.Debug|Any CPU.ActiveCfg = Debug|Any CPU
		{3E910C40-6DE0-4ACF-83B9-BBBAD9B030DE}.Debug|Any CPU.Build.0 = Debug|Any CPU
		{3E910C40-6DE0-4ACF-83B9-BBBAD9B030DE}.Debug|x64.ActiveCfg = Debug|Any CPU
		{3E910C40-6DE0-4ACF-83B9-BBBAD9B030DE}.Debug|x64.Build.0 = Debug|Any CPU
		{3E910C40-6DE0-4ACF-83B9-BBBAD9B030DE}.Debug|x86.ActiveCfg = Debug|Any CPU
		{3E910C40-6DE0-4ACF-83B9-BBBAD9B030DE}.Debug|x86.Build.0 = Debug|Any CPU
		{3E910C40-6DE0-4ACF-83B9-BBBAD9B030DE}.Release|Any CPU.ActiveCfg = Release|Any CPU
		{3E910C40-6DE0-4ACF-83B9-BBBAD9B030DE}.Release|Any CPU.Build.0 = Release|Any CPU
		{3E910C40-6DE0-4ACF-83B9-BBBAD9B030DE}.Release|x64.ActiveCfg = Release|Any CPU
		{3E910C40-6DE0-4ACF-83B9-BBBAD9B030DE}.Release|x64.Build.0 = Release|Any CPU
		{3E910C40-6DE0-4ACF-83B9-BBBAD9B030DE}.Release|x86.ActiveCfg = Release|Any CPU
		{3E910C40-6DE0-4ACF-83B9-BBBAD9B030DE}.Release|x86.Build.0 = Release|Any CPU
	EndGlobalSection
	GlobalSection(SolutionProperties) = preSolution
		HideSolutionNode = FALSE
	EndGlobalSection
	GlobalSection(NestedProjects) = preSolution
		{A4159C8F-FFCA-4460-BAC0-D6D475C9AE78} = {827E0CD3-B72D-47B6-A68D-7590B98EB39B}
		{8FE22830-795E-4C1F-A6E2-3FA8BB91C68E} = {0AB3BF05-4346-4AA6-1389-037BE0695223}
		{252C9675-3303-4CAC-A0CA-FF59DFDB2873} = {827E0CD3-B72D-47B6-A68D-7590B98EB39B}
		{3E910C40-6DE0-4ACF-83B9-BBBAD9B030DE} = {827E0CD3-B72D-47B6-A68D-7590B98EB39B}
	EndGlobalSection
EndGlobal
